
Microsoft Visual Studio Solution File, Format Version 12.00
Project("{FAE04EC0-301F-11D3-BF4B-00C04F79EFBC}") = "TishDerArischenGötter", "TishDerArischenGötter\TishDerArischenGötter.csproj", "{F29E7F77-DDDE-40AE-8AD0-D1AF43090474}"
EndProject
Global
	GlobalSection(SolutionConfigurationPlatforms) = preSolution
		Debug|Any CPU = Debug|Any CPU
		Release|Any CPU = Release|Any CPU
	EndGlobalSection
	GlobalSection(ProjectConfigurationPlatforms) = postSolution
		{F29E7F77-DDDE-40AE-8AD0-D1AF43090474}.Debug|Any CPU.ActiveCfg = Debug|Any CPU
		{F29E7F77-DDDE-40AE-8AD0-D1AF43090474}.Debug|Any CPU.Build.0 = Debug|Any CPU
		{F29E7F77-DDDE-40AE-8AD0-D1AF43090474}.Release|Any CPU.ActiveCfg = Release|Any CPU
		{F29E7F77-DDDE-40AE-8AD0-D1AF43090474}.Release|Any CPU.Build.0 = Release|Any CPU
	EndGlobalSection
EndGlobal
